# This file is automatically @generated by Poetry 2.1.3 and should not be changed by hand.

[[package]]
name = "mutagen"
version = "1.47.0"
description = "read and write audio tags for many formats"
optional = false
python-versions = ">=3.7"
groups = ["main"]
files = [
    {file = "mutagen-1.47.0-py3-none-any.whl", hash = "sha256:edd96f50c5907a9539d8e5bba7245f62c9f520aef333d13392a79a4f70aca719"},
    {file = "mutagen-1.47.0.tar.gz", hash = "sha256:719fadef0a978c31b4cf3c956261b3c58b6948b32023078a2117b1de09f0fc99"},
]

[[package]]
name = "pyfzf"
version = "0.3.1"
description = "Python wrapper for junegunn's fuzzyfinder (fzf)"
optional = false
python-versions = "*"
groups = ["main"]
files = [
    {file = "pyfzf-0.3.1-py3-none-any.whl", hash = "sha256:736f71563461b75f6f85b55345bdc638fa0dc14c32c857c59e8b1ca1cfa3cf4a"},
    {file = "pyfzf-0.3.1.tar.gz", hash = "sha256:dd902e34cffeca9c3082f96131593dd20b4b3a9bba5b9dde1b0688e424b46bd2"},
]

[[package]]
name = "python-vlc"
version = "3.0.21203"
description = "VLC bindings for python."
optional = false
python-versions = "*"
groups = ["main"]
files = [
    {file = "python_vlc-3.0.21203-py3-none-any.whl", hash = "sha256:1613451a31b692ec276296ceeae0c0ba82bfc2d094dabf9aceb70f58944a6320"},
    {file = "python_vlc-3.0.21203.tar.gz", hash = "sha256:52d0544b276b11e58b6c0b748c3e0518f94f74b1b4cd328c83a59eacabead1ec"},
]

[[package]]
name = "yt-dlp"
version = "2025.5.22"
description = "A feature-rich command-line audio/video downloader"
optional = false
python-versions = ">=3.9"
groups = ["main"]
files = [
    {file = "yt_dlp-2025.5.22-py3-none-any.whl", hash = "sha256:a49c4b76afeaded6254c3e2b759d8d5a13271aa963d5fccb51fe059d1c313151"},
    {file = "yt_dlp-2025.5.22.tar.gz", hash = "sha256:ea73854c5dabc124f29a35a8fae9bc5d422ef3231bebeea2bdfa82ac191a9c29"},
]

[package.extras]
build = ["build", "hatchling", "pip", "setuptools (>=71.0.2)", "wheel"]
curl-cffi = ["curl-cffi (>=0.5.10,<0.6.dev0 || ==0.10.*) ; implementation_name == \"cpython\""]
default = ["brotli ; implementation_name == \"cpython\"", "brotlicffi ; implementation_name != \"cpython\"", "certifi", "mutagen", "pycryptodomex", "requests (>=2.32.2,<3)", "urllib3 (>=1.26.17,<3)", "websockets (>=13.0)"]
dev = ["autopep8 (>=2.0,<3.0)", "pre-commit", "pytest (>=8.1,<9.0)", "pytest-rerunfailures (>=14.0,<15.0)", "ruff (>=0.11.0,<0.12.0)"]
pyinstaller = ["pyinstaller (>=6.13.0)"]
secretstorage = ["cffi", "secretstorage"]
static-analysis = ["autopep8 (>=2.0,<3.0)", "ruff (>=0.11.0,<0.12.0)"]
test = ["pytest (>=8.1,<9.0)", "pytest-rerunfailures (>=14.0,<15.0)"]

[metadata]
lock-version = "2.1"
python-versions = ">=3.13,<4.0.0"
content-hash = "b755c0ea24d8f9eb400391f41e03c3dd91118c96f2250deac8fa6e05b0c2b1c8"
